
Microsoft Visual Studio Solution File, Format Version 12.00
# Visual Studio Version 17
VisualStudioVersion = 17.14.36603.0 d17.14
MinimumVisualStudioVersion = 10.0.40219.1
Project("{FAE04EC0-301F-11D3-BF4B-00C04F79EFBC}") = "appSatTech", "appSatTech\appSatTech.csproj", "{2AB6D585-7975-48F7-9362-DFFB146D167D}"
EndProject
Global
	GlobalSection(SolutionConfigurationPlatforms) = preSolution
		Debug|Any CPU = Debug|Any CPU
		Release|Any CPU = Release|Any CPU
	EndGlobalSection
	GlobalSection(ProjectConfigurationPlatforms) = postSolution
		{2AB6D585-7975-48F7-9362-DFFB146D167D}.Debug|Any CPU.ActiveCfg = Debug|Any CPU
		{2AB6D585-7975-48F7-9362-DFFB146D167D}.Debug|Any CPU.Build.0 = Debug|Any CPU
		{2AB6D585-7975-48F7-9362-DFFB146D167D}.Release|Any CPU.ActiveCfg = Release|Any CPU
		{2AB6D585-7975-48F7-9362-DFFB146D167D}.Release|Any CPU.Build.0 = Release|Any CPU
	EndGlobalSection
	GlobalSection(SolutionProperties) = preSolution
		HideSolutionNode = FALSE
	EndGlobalSection
	GlobalSection(ExtensibilityGlobals) = postSolution
		SolutionGuid = {59B437E9-40FB-4262-B066-C790B2CDA5B2}
	EndGlobalSection
EndGlobal
